
Microsoft Visual Studio Solution File, Format Version 12.00
# Visual Studio 15
VisualStudioVersion = 15.0.28010.2041
MinimumVisualStudioVersion = 10.0.40219.1
Project("{FAE04EC0-301F-11D3-BF4B-00C04F79EFBC}") = "Pets", "Pets\Pets.csproj", "{80F6BA89-B197-492F-B233-B376C98EF1AA}"
EndProject
Global
	GlobalSection(SolutionConfigurationPlatforms) = preSolution
		Debug|Any CPU = Debug|Any CPU
		Release|Any CPU = Release|Any CPU
	EndGlobalSection
	GlobalSection(ProjectConfigurationPlatforms) = postSolution
		{80F6BA89-B197-492F-B233-B376C98EF1AA}.Debug|Any CPU.ActiveCfg = Debug|Any CPU
		{80F6BA89-B197-492F-B233-B376C98EF1AA}.Debug|Any CPU.Build.0 = Debug|Any CPU
		{80F6BA89-B197-492F-B233-B376C98EF1AA}.Release|Any CPU.ActiveCfg = Release|Any CPU
		{80F6BA89-B197-492F-B233-B376C98EF1AA}.Release|Any CPU.Build.0 = Release|Any CPU
	EndGlobalSection
	GlobalSection(SolutionProperties) = preSolution
		HideSolutionNode = FALSE
	EndGlobalSection
	GlobalSection(ExtensibilityGlobals) = postSolution
		SolutionGuid = {55F56BDB-8588-401B-A386-ED83288E5BCC}
	EndGlobalSection
EndGlobal
